{
  "version": 4,
  "terraform_version": "1.6.5",
  "serial": 360,
  "lineage": "c6b6ade2-05fb-60a7-417b-38e28630c624",
  "outputs": {},
  "resources": [
    {
      "mode": "managed",
      "type": "aws_ecr_repository",
      "name": "main",
      "provider": "provider[\"registry.terraform.io/hashicorp/aws\"]",
      "instances": [
        {
          "schema_version": 0,
          "attributes": {
            "arn": "arn:aws:ecr:eu-central-1:862721235140:repository/bytefaenger",
            "encryption_configuration": [
              {
                "encryption_type": "AES256",
                "kms_key": ""
              }
            ],
            "force_delete": null,
            "id": "bytefaenger",
            "image_scanning_configuration": [
              {
                "scan_on_push": false
              }
            ],
            "image_tag_mutability": "MUTABLE",
            "name": "bytefaenger",
            "registry_id": "862721235140",
            "repository_url": "862721235140.dkr.ecr.eu-central-1.amazonaws.com/bytefaenger",
            "tags": {
              "application-name": "bytefaenger"
            },
            "tags_all": {
              "application-name": "bytefaenger"
            },
            "timeouts": null
          },
          "sensitive_attributes": [],
          "private": "eyJlMmJmYjczMC1lY2FhLTExZTYtOGY4OC0zNDM2M2JjN2M0YzAiOnsiZGVsZXRlIjoxMjAwMDAwMDAwMDAwfX0="
        }
      ]
    }
  ],
  "check_results": null
}
